
Microsoft Visual Studio Solution File, Format Version 12.00
# Visual Studio 15
VisualStudioVersion = 15.0.28307.852
MinimumVisualStudioVersion = 10.0.40219.1
Project("{E24C65DC-7377-472B-9ABA-BC803B73C61A}") = "Project484", "Project484\", "{EDF39CC3-3988-41DE-A89E-20525E02A6A9}"
	ProjectSection(WebsiteProperties) = preProject
		TargetFrameworkMoniker = ".NETFramework,Version%3Dv4.6.1"
		Debug.AspNetCompiler.VirtualPath = "/localhost_58527"
		Debug.AspNetCompiler.PhysicalPath = "Project484\"
		Debug.AspNetCompiler.TargetPath = "PrecompiledWeb\localhost_58527\"
		Debug.AspNetCompiler.Updateable = "true"
		Debug.AspNetCompiler.ForceOverwrite = "true"
		Debug.AspNetCompiler.FixedNames = "false"
		Debug.AspNetCompiler.Debug = "True"
		Release.AspNetCompiler.VirtualPath = "/localhost_58527"
		Release.AspNetCompiler.PhysicalPath = "Project484\"
		Release.AspNetCompiler.TargetPath = "PrecompiledWeb\localhost_58527\"
		Release.AspNetCompiler.Updateable = "true"
		Release.AspNetCompiler.ForceOverwrite = "true"
		Release.AspNetCompiler.FixedNames = "false"
		Release.AspNetCompiler.Debug = "False"
		VWDPort = "58527"
		SlnRelativePath = "Project484\"
		DefaultWebSiteLanguage = "Visual C#"
	EndProjectSection
EndProject
Global
	GlobalSection(SolutionConfigurationPlatforms) = preSolution
		Debug|Any CPU = Debug|Any CPU
	EndGlobalSection
	GlobalSection(ProjectConfigurationPlatforms) = postSolution
		{EDF39CC3-3988-41DE-A89E-20525E02A6A9}.Debug|Any CPU.ActiveCfg = Debug|Any CPU
		{EDF39CC3-3988-41DE-A89E-20525E02A6A9}.Debug|Any CPU.Build.0 = Debug|Any CPU
	EndGlobalSection
	GlobalSection(SolutionProperties) = preSolution
		HideSolutionNode = FALSE
	EndGlobalSection
	GlobalSection(ExtensibilityGlobals) = postSolution
		SolutionGuid = {F14B7F57-3DFB-40DD-80C1-0569CE3C3C41}
	EndGlobalSection
EndGlobal
